
Microsoft Visual Studio Solution File, Format Version 12.00
# Visual Studio 15
VisualStudioVersion = 15.0.26730.15
MinimumVisualStudioVersion = 10.0.40219.1
Project("{FAE04EC0-301F-11D3-BF4B-00C04F79EFBC}") = "ChatApplication", "ChatApplication\ChatApplication.csproj", "{D7983A90-0DA9-42F0-B9D3-4F9E61704CDE}"
EndProject
Project("{FAE04EC0-301F-11D3-BF4B-00C04F79EFBC}") = "ChatApplicationTests", "ChatApplicationTests\ChatApplicationTests.csproj", "{C36C4E32-8ED5-477C-9E5B-1A095A592245}"
EndProject
Global
	GlobalSection(SolutionConfigurationPlatforms) = preSolution
		Debug|Any CPU = Debug|Any CPU
		Release|Any CPU = Release|Any CPU
	EndGlobalSection
	GlobalSection(ProjectConfigurationPlatforms) = postSolution
		{D7983A90-0DA9-42F0-B9D3-4F9E61704CDE}.Debug|Any CPU.ActiveCfg = Debug|Any CPU
		{D7983A90-0DA9-42F0-B9D3-4F9E61704CDE}.Debug|Any CPU.Build.0 = Debug|Any CPU
		{D7983A90-0DA9-42F0-B9D3-4F9E61704CDE}.Release|Any CPU.ActiveCfg = Release|Any CPU
		{D7983A90-0DA9-42F0-B9D3-4F9E61704CDE}.Release|Any CPU.Build.0 = Release|Any CPU
		{C36C4E32-8ED5-477C-9E5B-1A095A592245}.Debug|Any CPU.ActiveCfg = Debug|Any CPU
		{C36C4E32-8ED5-477C-9E5B-1A095A592245}.Debug|Any CPU.Build.0 = Debug|Any CPU
		{C36C4E32-8ED5-477C-9E5B-1A095A592245}.Release|Any CPU.ActiveCfg = Release|Any CPU
		{C36C4E32-8ED5-477C-9E5B-1A095A592245}.Release|Any CPU.Build.0 = Release|Any CPU
	EndGlobalSection
	GlobalSection(SolutionProperties) = preSolution
		HideSolutionNode = FALSE
	EndGlobalSection
	GlobalSection(ExtensibilityGlobals) = postSolution
		SolutionGuid = {E4C0B4B5-6FBD-42C6-9787-DA359D3F2DF2}
	EndGlobalSection
EndGlobal
